
Microsoft Visual Studio Solution File, Format Version 12.00
# Visual Studio 2012
Project("{FAE04EC0-301F-11D3-BF4B-00C04F79EFBC}") = "EngineIoClientDotNet.mono", "EngineIoClientDotNet.mono.csproj", "{B6731266-B247-4A63-B10B-F938288248B6}"
EndProject
Project("{FAE04EC0-301F-11D3-BF4B-00C04F79EFBC}") = "EngineIoClientDotNet.Tests.mono", "..\EngineIoClientDotNet.Tests.mono\EngineIoClientDotNet.Tests.mono.csproj", "{382C2A10-8043-49C6-9DE5-39CA25C2418C}"
EndProject
Project("{FAE04EC0-301F-11D3-BF4B-00C04F79EFBC}") = "Quobject.Collections.Immutable", "..\Quobject.Collections.Immutable\Quobject.Collections.Immutable.csproj", "{024A2111-4B19-44D7-917E-8514CF632469}"
EndProject
Global
	GlobalSection(SolutionConfigurationPlatforms) = preSolution
		Debug|Any CPU = Debug|Any CPU
		Release|Any CPU = Release|Any CPU
	EndGlobalSection
	GlobalSection(ProjectConfigurationPlatforms) = postSolution
		{B6731266-B247-4A63-B10B-F938288248B6}.Debug|Any CPU.ActiveCfg = Debug|Any CPU
		{B6731266-B247-4A63-B10B-F938288248B6}.Debug|Any CPU.Build.0 = Debug|Any CPU
		{B6731266-B247-4A63-B10B-F938288248B6}.Release|Any CPU.ActiveCfg = Release|Any CPU
		{B6731266-B247-4A63-B10B-F938288248B6}.Release|Any CPU.Build.0 = Release|Any CPU
		{382C2A10-8043-49C6-9DE5-39CA25C2418C}.Debug|Any CPU.ActiveCfg = Debug|Any CPU
		{382C2A10-8043-49C6-9DE5-39CA25C2418C}.Debug|Any CPU.Build.0 = Debug|Any CPU
		{382C2A10-8043-49C6-9DE5-39CA25C2418C}.Release|Any CPU.ActiveCfg = Release|Any CPU
		{382C2A10-8043-49C6-9DE5-39CA25C2418C}.Release|Any CPU.Build.0 = Release|Any CPU
		{024A2111-4B19-44D7-917E-8514CF632469}.Debug|Any CPU.ActiveCfg = Debug|Any CPU
		{024A2111-4B19-44D7-917E-8514CF632469}.Debug|Any CPU.Build.0 = Debug|Any CPU
		{024A2111-4B19-44D7-917E-8514CF632469}.Release|Any CPU.ActiveCfg = Release|Any CPU
		{024A2111-4B19-44D7-917E-8514CF632469}.Release|Any CPU.Build.0 = Release|Any CPU
	EndGlobalSection
	GlobalSection(SolutionProperties) = preSolution
		HideSolutionNode = FALSE
	EndGlobalSection
EndGlobal
