Microsoft Visual Studio Solution File, Format Version 12.00
# Visual Studio 14
VisualStudioVersion = 14.0.25420.1
MinimumVisualStudioVersion = 10.0.40219.1
Project("{FAE04EC0-301F-11D3-BF4B-00C04F79EFBC}") = "GameLiftServerSDKNet35", "Net35\GameLiftServerSDKNet35.csproj", "{52250704-F3C7-4563-9A65-66764EBE0601}"
EndProject
Project("{FAE04EC0-301F-11D3-BF4B-00C04F79EFBC}") = "EngineIoClientDotNet.net35", "Net35\Dependencies\EngineIoClientDotNet-master\Src\EngineIoClientDotNet.net35\EngineIoClientDotNet.net35.csproj", "{568D67D0-3253-4601-9B04-7730A9EC5CC0}"
EndProject
Global
	GlobalSection(SolutionConfigurationPlatforms) = preSolution
		Debug|Any CPU = Debug|Any CPU
		Release|Any CPU = Release|Any CPU
	EndGlobalSection
	GlobalSection(ProjectConfigurationPlatforms) = postSolution
		{52250704-F3C7-4563-9A65-66764EBE0601}.Debug|Any CPU.ActiveCfg = Debug|Any CPU
		{52250704-F3C7-4563-9A65-66764EBE0601}.Debug|Any CPU.Build.0 = Debug|Any CPU
		{52250704-F3C7-4563-9A65-66764EBE0601}.Release|Any CPU.ActiveCfg = Release|Any CPU
		{52250704-F3C7-4563-9A65-66764EBE0601}.Release|Any CPU.Build.0 = Release|Any CPU
		{568D67D0-3253-4601-9B04-7730A9EC5CC0}.Debug|Any CPU.ActiveCfg = Debug|Any CPU
		{568D67D0-3253-4601-9B04-7730A9EC5CC0}.Debug|Any CPU.Build.0 = Debug|Any CPU
		{568D67D0-3253-4601-9B04-7730A9EC5CC0}.Release|Any CPU.ActiveCfg = Release|Any CPU
		{568D67D0-3253-4601-9B04-7730A9EC5CC0}.Release|Any CPU.Build.0 = Release|Any CPU
	EndGlobalSection
	GlobalSection(SolutionProperties) = preSolution
		HideSolutionNode = FALSE
	EndGlobalSection
EndGlobal
