
Microsoft Visual Studio Solution File, Format Version 12.00
# Visual Studio 2012
Project("{FAE04EC0-301F-11D3-BF4B-00C04F79EFBC}") = "GameLiftServerSDKNet45", "Net45\GameLiftServerSDKNet45.csproj", "{B6A23723-FA7F-46DF-8837-1FE06E1AABD9}"
EndProject
Global
	GlobalSection(SolutionConfigurationPlatforms) = preSolution
		Debug|Any CPU = Debug|Any CPU
		Release|Any CPU = Release|Any CPU
	EndGlobalSection
	GlobalSection(ProjectConfigurationPlatforms) = postSolution
		{B6A23723-FA7F-46DF-8837-1FE06E1AABD9}.Debug|Any CPU.ActiveCfg = Debug|Any CPU
		{B6A23723-FA7F-46DF-8837-1FE06E1AABD9}.Debug|Any CPU.Build.0 = Debug|Any CPU
		{B6A23723-FA7F-46DF-8837-1FE06E1AABD9}.Release|Any CPU.ActiveCfg = Release|Any CPU
		{B6A23723-FA7F-46DF-8837-1FE06E1AABD9}.Release|Any CPU.Build.0 = Release|Any CPU
	EndGlobalSection
EndGlobal
